
Microsoft Visual Studio Solution File, Format Version 12.00
Project("{2150E333-8FDC-42A3-9474-1A3956D46DE8}") = "csharp-basics", "csharp-basics", "{C5F92C6E-BC0A-43ED-840B-FB40B6D78119}"
EndProject
Project("{FAE04EC0-301F-11D3-BF4B-00C04F79EFBC}") = "FizzBuzzApp", "FizzBuzzApp\FizzBuzzApp.csproj", "{6476BC26-734F-4B79-B197-A6E6DDB8BA46}"
EndProject
Project("{FAE04EC0-301F-11D3-BF4B-00C04F79EFBC}") = "FizzBuzzTests", "FizzBuzzTests\FizzBuzzTests.csproj", "{32BB12BF-77D8-424A-8389-5B17F6EBE85A}"
EndProject
Project("{2150E333-8FDC-42A3-9474-1A3956D46DE8}") = "fizz-buzz", "fizz-buzz", "{C478934E-C3D9-4282-908E-5D9682AA95B8}"
EndProject
Project("{2150E333-8FDC-42A3-9474-1A3956D46DE8}") = "phone-number-parser", "phone-number-parser", "{6B8A89E9-EDA4-4FB6-A15F-60D8ABDF9D75}"
EndProject
Project("{FAE04EC0-301F-11D3-BF4B-00C04F79EFBC}") = "PhoneNumberParserTests", "PhoneNumberParserTests\PhoneNumberParserTests.csproj", "{44E26084-A2E9-439D-87F7-8FB00D5E99CC}"
EndProject
Project("{FAE04EC0-301F-11D3-BF4B-00C04F79EFBC}") = "PhoneNumberParser", "PhoneNumberParser\PhoneNumberParser.csproj", "{1AB4CF29-F0A3-4A5D-9B02-0B3E3CD222A9}"
EndProject
Project("{2150E333-8FDC-42A3-9474-1A3956D46DE8}") = "quadratic-equation-solver", "quadratic-equation-solver", "{C77194C7-A665-42DC-8835-486C3038658A}"
EndProject
Project("{FAE04EC0-301F-11D3-BF4B-00C04F79EFBC}") = "QuadraticEquation", "QuadraticEquation\QuadraticEquation.csproj", "{C696BC74-0DFD-4A9C-98EA-08AF7E1E8B5A}"
EndProject
Project("{FAE04EC0-301F-11D3-BF4B-00C04F79EFBC}") = "QuadraticEquationSolverTests", "QuadraticEquationSolverTests\QuadraticEquationSolverTests.csproj", "{6902C150-8F3E-4AA8-A2D4-5390AE00DD93}"
EndProject
Project("{2150E333-8FDC-42A3-9474-1A3956D46DE8}") = "temperature-converter", "temperature-converter", "{BBC7DE20-B8B6-43DD-B274-89455EA95C98}"
EndProject
Project("{FAE04EC0-301F-11D3-BF4B-00C04F79EFBC}") = "TemperatureConverterTests", "TemperatureConverterTests\TemperatureConverterTests.csproj", "{1BE5F134-F289-417C-B9D0-8F4D88E6B244}"
EndProject
Project("{FAE04EC0-301F-11D3-BF4B-00C04F79EFBC}") = "TemperatureConverter", "TemperatureConverter\TemperatureConverter.csproj", "{1D44AD27-FFDA-41F4-8B03-56321162B24F}"
EndProject
Global
	GlobalSection(SolutionConfigurationPlatforms) = preSolution
		Debug|Any CPU = Debug|Any CPU
		Release|Any CPU = Release|Any CPU
	EndGlobalSection
	GlobalSection(ProjectConfigurationPlatforms) = postSolution
		{6476BC26-734F-4B79-B197-A6E6DDB8BA46}.Debug|Any CPU.ActiveCfg = Debug|Any CPU
		{6476BC26-734F-4B79-B197-A6E6DDB8BA46}.Debug|Any CPU.Build.0 = Debug|Any CPU
		{6476BC26-734F-4B79-B197-A6E6DDB8BA46}.Release|Any CPU.ActiveCfg = Release|Any CPU
		{6476BC26-734F-4B79-B197-A6E6DDB8BA46}.Release|Any CPU.Build.0 = Release|Any CPU
		{32BB12BF-77D8-424A-8389-5B17F6EBE85A}.Debug|Any CPU.ActiveCfg = Debug|Any CPU
		{32BB12BF-77D8-424A-8389-5B17F6EBE85A}.Debug|Any CPU.Build.0 = Debug|Any CPU
		{32BB12BF-77D8-424A-8389-5B17F6EBE85A}.Release|Any CPU.ActiveCfg = Release|Any CPU
		{32BB12BF-77D8-424A-8389-5B17F6EBE85A}.Release|Any CPU.Build.0 = Release|Any CPU
		{44E26084-A2E9-439D-87F7-8FB00D5E99CC}.Debug|Any CPU.ActiveCfg = Debug|Any CPU
		{44E26084-A2E9-439D-87F7-8FB00D5E99CC}.Debug|Any CPU.Build.0 = Debug|Any CPU
		{44E26084-A2E9-439D-87F7-8FB00D5E99CC}.Release|Any CPU.ActiveCfg = Release|Any CPU
		{44E26084-A2E9-439D-87F7-8FB00D5E99CC}.Release|Any CPU.Build.0 = Release|Any CPU
		{1AB4CF29-F0A3-4A5D-9B02-0B3E3CD222A9}.Debug|Any CPU.ActiveCfg = Debug|Any CPU
		{1AB4CF29-F0A3-4A5D-9B02-0B3E3CD222A9}.Debug|Any CPU.Build.0 = Debug|Any CPU
		{1AB4CF29-F0A3-4A5D-9B02-0B3E3CD222A9}.Release|Any CPU.ActiveCfg = Release|Any CPU
		{1AB4CF29-F0A3-4A5D-9B02-0B3E3CD222A9}.Release|Any CPU.Build.0 = Release|Any CPU
		{C696BC74-0DFD-4A9C-98EA-08AF7E1E8B5A}.Debug|Any CPU.ActiveCfg = Debug|Any CPU
		{C696BC74-0DFD-4A9C-98EA-08AF7E1E8B5A}.Debug|Any CPU.Build.0 = Debug|Any CPU
		{C696BC74-0DFD-4A9C-98EA-08AF7E1E8B5A}.Release|Any CPU.ActiveCfg = Release|Any CPU
		{C696BC74-0DFD-4A9C-98EA-08AF7E1E8B5A}.Release|Any CPU.Build.0 = Release|Any CPU
		{6902C150-8F3E-4AA8-A2D4-5390AE00DD93}.Debug|Any CPU.ActiveCfg = Debug|Any CPU
		{6902C150-8F3E-4AA8-A2D4-5390AE00DD93}.Debug|Any CPU.Build.0 = Debug|Any CPU
		{6902C150-8F3E-4AA8-A2D4-5390AE00DD93}.Release|Any CPU.ActiveCfg = Release|Any CPU
		{6902C150-8F3E-4AA8-A2D4-5390AE00DD93}.Release|Any CPU.Build.0 = Release|Any CPU
		{1BE5F134-F289-417C-B9D0-8F4D88E6B244}.Debug|Any CPU.ActiveCfg = Debug|Any CPU
		{1BE5F134-F289-417C-B9D0-8F4D88E6B244}.Debug|Any CPU.Build.0 = Debug|Any CPU
		{1BE5F134-F289-417C-B9D0-8F4D88E6B244}.Release|Any CPU.ActiveCfg = Release|Any CPU
		{1BE5F134-F289-417C-B9D0-8F4D88E6B244}.Release|Any CPU.Build.0 = Release|Any CPU
		{1D44AD27-FFDA-41F4-8B03-56321162B24F}.Debug|Any CPU.ActiveCfg = Debug|Any CPU
		{1D44AD27-FFDA-41F4-8B03-56321162B24F}.Debug|Any CPU.Build.0 = Debug|Any CPU
		{1D44AD27-FFDA-41F4-8B03-56321162B24F}.Release|Any CPU.ActiveCfg = Release|Any CPU
		{1D44AD27-FFDA-41F4-8B03-56321162B24F}.Release|Any CPU.Build.0 = Release|Any CPU
	EndGlobalSection
	GlobalSection(NestedProjects) = preSolution
		{C478934E-C3D9-4282-908E-5D9682AA95B8} = {C5F92C6E-BC0A-43ED-840B-FB40B6D78119}
		{6476BC26-734F-4B79-B197-A6E6DDB8BA46} = {C478934E-C3D9-4282-908E-5D9682AA95B8}
		{32BB12BF-77D8-424A-8389-5B17F6EBE85A} = {C478934E-C3D9-4282-908E-5D9682AA95B8}
		{6B8A89E9-EDA4-4FB6-A15F-60D8ABDF9D75} = {C5F92C6E-BC0A-43ED-840B-FB40B6D78119}
		{44E26084-A2E9-439D-87F7-8FB00D5E99CC} = {6B8A89E9-EDA4-4FB6-A15F-60D8ABDF9D75}
		{1AB4CF29-F0A3-4A5D-9B02-0B3E3CD222A9} = {6B8A89E9-EDA4-4FB6-A15F-60D8ABDF9D75}
		{C77194C7-A665-42DC-8835-486C3038658A} = {C5F92C6E-BC0A-43ED-840B-FB40B6D78119}
		{C696BC74-0DFD-4A9C-98EA-08AF7E1E8B5A} = {C77194C7-A665-42DC-8835-486C3038658A}
		{6902C150-8F3E-4AA8-A2D4-5390AE00DD93} = {C77194C7-A665-42DC-8835-486C3038658A}
		{BBC7DE20-B8B6-43DD-B274-89455EA95C98} = {C5F92C6E-BC0A-43ED-840B-FB40B6D78119}
		{1BE5F134-F289-417C-B9D0-8F4D88E6B244} = {BBC7DE20-B8B6-43DD-B274-89455EA95C98}
		{1D44AD27-FFDA-41F4-8B03-56321162B24F} = {BBC7DE20-B8B6-43DD-B274-89455EA95C98}
	EndGlobalSection
EndGlobal
